# This file was autogenerated by Stack.
# You should not edit this file by hand.
# For more information, please see the documentation at:
#   https://docs.haskellstack.org/en/stable/lock_files

packages:
- completed:
    hackage: attoparsec-0.13.2.3@sha256:38717f481a131e1f50ce8e126f49961e6fe740f55df53e5e45cbbf8c451a9698,5695
    pantry-tree:
      size: 5231
      sha256: 6fd8933535f478eb3a8ae67ccd601bac58f05356c4ce912b89a12a9eba2543aa
  original:
    hackage: attoparsec-0.13.2.3
- completed:
    hackage: extra-1.7.1@sha256:a9fd1d35a563820f414014f1659769f52726d2031eff6b4628abfcd86729a325,2756
    pantry-tree:
      size: 1828
      sha256: 1c6a9ee9f20cea8b64693a47b656f626167f08e76c03f8a82e12e4c9163fb1b1
  original:
    hackage: extra-1.7.1
- completed:
    hackage: lens-4.19.1@sha256:6bbc0b145b037537d468b0810ea2a560beda999f89444fe4101061c7892cd596,15551
    pantry-tree:
      size: 8329
      sha256: f51cd6be482804001bf9868fe4a552d01a6c3a4e367c16bd3df0ad74b755ac2c
  original:
    hackage: lens-4.19.1
- completed:
    hackage: massiv-0.5.1.0@sha256:61541d0ac64a7cb51944dc11cdbca9c2c106d7d61676fb115f4a992b76b42480,4745
    pantry-tree:
      size: 3991
      sha256: 19c4a83de1f6abafacf1c943ca65aa8133f147932b3cbe56b8dc76e4f77108bd
  original:
    hackage: massiv-0.5.1.0
- completed:
    hackage: repa-3.4.1.4@sha256:70ef4758937baa29be1ac0a78ecbccf341b3f276c9efb632b4829eea80445e2d,3315
    pantry-tree:
      size: 2965
      sha256: 294773b0e6be4a4198133715d4c7f2d0d8e5aec4adea7e59578d1b3823a7879d
  original:
    hackage: repa-3.4.1.4
snapshots:
- completed:
    size: 491389
    url: https://raw.githubusercontent.com/commercialhaskell/stackage-snapshots/master/lts/15/7.yaml
    sha256: 92ab6303fe20ec928461c82ce0980b4d17c06f4e66205a2967e476474f686c17
  original: lts-15.7
